{
  "name": "elegantdb",
  "version": "2.0.1",
  "lockfileVersion": 3,
  "requires": true,
  "packages": {
    "": {
      "name": "elegantdb",
      "version": "2.0.1",
      "license": "ISC",
      "dependencies": {
        "@types/node": "^20.5.3",
        "colorette": "^2.0.20",
        "graceful-fs": "^4.2.11",
        "typescript": "^5.1.6"
      },
      "devDependencies": {
        "@elegantdb/events": "^1.0.1",
        "@types/fs-extra": "^11.0.1",
        "@types/graceful-fs": "^4.1.6"
      },
      "engines": {
        "node": ">=16.0.0"
      }
    },
    "node_modules/@elegantdb/events": {
      "version": "1.0.1",
      "resolved": "https://registry.npmjs.org/@elegantdb/events/-/events-1.0.1.tgz",
      "integrity": "sha512-c14SeufAEIZbWa7hzHbX9TDau1s1niaotvLdF9ys0Hbaa6X2OUqscgLvG2gmWjgqIMkKZWK39UPUvqQJnXqZHA==",
      "dev": true,
      "engines": {
        "node": ">=15.0.0"
      }
    },
    "node_modules/@types/fs-extra": {
      "version": "11.0.1",
      "resolved": "https://registry.npmjs.org/@types/fs-extra/-/fs-extra-11.0.1.tgz",
      "integrity": "sha512-MxObHvNl4A69ofaTRU8DFqvgzzv8s9yRtaPPm5gud9HDNvpB3GPQFvNuTWAI59B9huVGV5jXYJwbCsmBsOGYWA==",
      "dev": true,
      "dependencies": {
        "@types/jsonfile": "*",
        "@types/node": "*"
      }
    },
    "node_modules/@types/graceful-fs": {
      "version": "4.1.6",
      "resolved": "https://registry.npmjs.org/@types/graceful-fs/-/graceful-fs-4.1.6.tgz",
      "integrity": "sha512-Sig0SNORX9fdW+bQuTEovKj3uHcUL6LQKbCrrqb1X7J6/ReAbhCXRAhc+SMejhLELFj2QcyuxmUooZ4bt5ReSw==",
      "dev": true,
      "dependencies": {
        "@types/node": "*"
      }
    },
    "node_modules/@types/jsonfile": {
      "version": "6.1.1",
      "resolved": "https://registry.npmjs.org/@types/jsonfile/-/jsonfile-6.1.1.tgz",
      "integrity": "sha512-GSgiRCVeapDN+3pqA35IkQwasaCh/0YFH5dEF6S88iDvEn901DjOeH3/QPY+XYP1DFzDZPvIvfeEgk+7br5png==",
      "dev": true,
      "dependencies": {
        "@types/node": "*"
      }
    },
    "node_modules/@types/node": {
      "version": "20.5.3",
      "resolved": "https://registry.npmjs.org/@types/node/-/node-20.5.3.tgz",
      "integrity": "sha512-ITI7rbWczR8a/S6qjAW7DMqxqFMjjTo61qZVWJ1ubPvbIQsL5D/TvwjYEalM8Kthpe3hTzOGrF2TGbAu2uyqeA=="
    },
    "node_modules/colorette": {
      "version": "2.0.20",
      "resolved": "https://registry.npmjs.org/colorette/-/colorette-2.0.20.tgz",
      "integrity": "sha512-IfEDxwoWIjkeXL1eXcDiow4UbKjhLdq6/EuSVR9GMN7KVH3r9gQ83e73hsz1Nd1T3ijd5xv1wcWRYO+D6kCI2w=="
    },
    "node_modules/graceful-fs": {
      "version": "4.2.11",
      "resolved": "https://registry.npmjs.org/graceful-fs/-/graceful-fs-4.2.11.tgz",
      "integrity": "sha512-RbJ5/jmFcNNCcDV5o9eTnBLJ/HszWV0P73bc+Ff4nS/rJj+YaS6IGyiOL0VoBYX+l1Wrl3k63h/KrH+nhJ0XvQ=="
    },
    "node_modules/typescript": {
      "version": "5.1.6",
      "resolved": "https://registry.npmjs.org/typescript/-/typescript-5.1.6.tgz",
      "integrity": "sha512-zaWCozRZ6DLEWAWFrVDz1H6FVXzUSfTy5FUMWsQlU8Ym5JP9eO4xkTIROFCQvhQf61z6O/G6ugw3SgAnvvm+HA==",
      "bin": {
        "tsc": "bin/tsc",
        "tsserver": "bin/tsserver"
      },
      "engines": {
        "node": ">=14.17"
      }
    }
  }
}
